{
  "object": {
    "pins": [
      {
        "package": "ASCollectionView",
        "repositoryURL": "https://github.com/apptekstudios/ASCollectionView",
        "state": {
          "branch": null,
          "revision": "91d85a3aec1bdc88fb285b3908ba036ba9d1dd09",
          "version": "1.5.0"
        }
      },
      {
        "package": "LLVS",
        "repositoryURL": "https://github.com/mentalfaculty/LLVS.git",
        "state": {
          "branch": null,
          "revision": "3b21e21137d835fd1a4ab49589c0ea43272ed33b",
          "version": "0.4.0"
        }
      }
    ]
  },
  "version": 1
}
